
Microsoft Visual Studio Solution File, Format Version 12.00
# Visual Studio Version 17
VisualStudioVersion = 17.3.32901.215
MinimumVisualStudioVersion = 10.0.40219.1
Project("{FAE04EC0-301F-11D3-BF4B-00C04F79EFBC}") = "HelpDeskPortal", "HelpDeskPortal\HelpDeskPortal.csproj", "{3C4DEC2A-5EDD-4140-B757-4EAD5EB01F08}"
EndProject
Project("{FAE04EC0-301F-11D3-BF4B-00C04F79EFBC}") = "HelpDesk.Domain", "HelpDesk.Domain\HelpDesk.Domain.csproj", "{690150EE-6847-4EBE-8A49-1FD81BCFE5D7}"
EndProject
Project("{FAE04EC0-301F-11D3-BF4B-00C04F79EFBC}") = "HelpDesk.Application", "HelpDesk.Application\HelpDesk.Application.csproj", "{9978714B-87C3-4BE2-B181-3C0B8997FB54}"
EndProject
Project("{FAE04EC0-301F-11D3-BF4B-00C04F79EFBC}") = "HelpDesk.Infrastructure", "HelpDesk.Infrastructure\HelpDesk.Infrastructure.csproj", "{F05F07C2-EEC8-45AE-A1F1-CEFB8F534D59}"
EndProject
Global
	GlobalSection(SolutionConfigurationPlatforms) = preSolution
		Debug|Any CPU = Debug|Any CPU
		Release|Any CPU = Release|Any CPU
	EndGlobalSection
	GlobalSection(ProjectConfigurationPlatforms) = postSolution
		{3C4DEC2A-5EDD-4140-B757-4EAD5EB01F08}.Debug|Any CPU.ActiveCfg = Debug|Any CPU
		{3C4DEC2A-5EDD-4140-B757-4EAD5EB01F08}.Debug|Any CPU.Build.0 = Debug|Any CPU
		{3C4DEC2A-5EDD-4140-B757-4EAD5EB01F08}.Release|Any CPU.ActiveCfg = Release|Any CPU
		{3C4DEC2A-5EDD-4140-B757-4EAD5EB01F08}.Release|Any CPU.Build.0 = Release|Any CPU
		{690150EE-6847-4EBE-8A49-1FD81BCFE5D7}.Debug|Any CPU.ActiveCfg = Debug|Any CPU
		{690150EE-6847-4EBE-8A49-1FD81BCFE5D7}.Debug|Any CPU.Build.0 = Debug|Any CPU
		{690150EE-6847-4EBE-8A49-1FD81BCFE5D7}.Release|Any CPU.ActiveCfg = Release|Any CPU
		{690150EE-6847-4EBE-8A49-1FD81BCFE5D7}.Release|Any CPU.Build.0 = Release|Any CPU
		{9978714B-87C3-4BE2-B181-3C0B8997FB54}.Debug|Any CPU.ActiveCfg = Debug|Any CPU
		{9978714B-87C3-4BE2-B181-3C0B8997FB54}.Debug|Any CPU.Build.0 = Debug|Any CPU
		{9978714B-87C3-4BE2-B181-3C0B8997FB54}.Release|Any CPU.ActiveCfg = Release|Any CPU
		{9978714B-87C3-4BE2-B181-3C0B8997FB54}.Release|Any CPU.Build.0 = Release|Any CPU
		{F05F07C2-EEC8-45AE-A1F1-CEFB8F534D59}.Debug|Any CPU.ActiveCfg = Debug|Any CPU
		{F05F07C2-EEC8-45AE-A1F1-CEFB8F534D59}.Debug|Any CPU.Build.0 = Debug|Any CPU
		{F05F07C2-EEC8-45AE-A1F1-CEFB8F534D59}.Release|Any CPU.ActiveCfg = Release|Any CPU
		{F05F07C2-EEC8-45AE-A1F1-CEFB8F534D59}.Release|Any CPU.Build.0 = Release|Any CPU
	EndGlobalSection
	GlobalSection(SolutionProperties) = preSolution
		HideSolutionNode = FALSE
	EndGlobalSection
	GlobalSection(ExtensibilityGlobals) = postSolution
		SolutionGuid = {89EEE79A-649A-4350-ABE6-9BEE690114A3}
	EndGlobalSection
EndGlobal
